
Microsoft Visual Studio Solution File, Format Version 12.00
# Visual Studio Version 16
VisualStudioVersion = 16.0.31402.337
MinimumVisualStudioVersion = 10.0.40219.1
Project("{FAE04EC0-301F-11D3-BF4B-00C04F79EFBC}") = "using else", "using else\using else.csproj", "{7F4AF59A-5057-407F-BAE5-8CF35C4DAC88}"
EndProject
Global
	GlobalSection(SolutionConfigurationPlatforms) = preSolution
		Debug|Any CPU = Debug|Any CPU
		Release|Any CPU = Release|Any CPU
	EndGlobalSection
	GlobalSection(ProjectConfigurationPlatforms) = postSolution
		{7F4AF59A-5057-407F-BAE5-8CF35C4DAC88}.Debug|Any CPU.ActiveCfg = Debug|Any CPU
		{7F4AF59A-5057-407F-BAE5-8CF35C4DAC88}.Debug|Any CPU.Build.0 = Debug|Any CPU
		{7F4AF59A-5057-407F-BAE5-8CF35C4DAC88}.Release|Any CPU.ActiveCfg = Release|Any CPU
		{7F4AF59A-5057-407F-BAE5-8CF35C4DAC88}.Release|Any CPU.Build.0 = Release|Any CPU
	EndGlobalSection
	GlobalSection(SolutionProperties) = preSolution
		HideSolutionNode = FALSE
	EndGlobalSection
	GlobalSection(ExtensibilityGlobals) = postSolution
		SolutionGuid = {06A92A59-2BC3-4E23-B391-758C7BAEB3BE}
	EndGlobalSection
EndGlobal
